
Microsoft Visual Studio Solution File, Format Version 12.00
# Visual Studio Version 17
VisualStudioVersion = 17.14.36811.4
MinimumVisualStudioVersion = 10.0.40219.1
Project("{FAE04EC0-301F-11D3-BF4B-00C04F79EFBC}") = "ApiGateway", "ApiGateway\ApiGateway.csproj", "{9765D88F-0651-402E-98EB-AE049CA21122}"
EndProject
Project("{FAE04EC0-301F-11D3-BF4B-00C04F79EFBC}") = "ProductService", "ProductService\ProductService.csproj", "{D3EA328E-B54C-4503-9C22-41CA83C09C4D}"
EndProject
Project("{FAE04EC0-301F-11D3-BF4B-00C04F79EFBC}") = "OrderService", "OrderService\OrderService.csproj", "{9E274F45-6BFB-4401-82F2-633B9D0C7ED1}"
EndProject
Project("{FAE04EC0-301F-11D3-BF4B-00C04F79EFBC}") = "UserService", "UserService\UserService.csproj", "{BE1C8A4D-5334-4438-9D66-26E14EE36B4E}"
EndProject
Project("{FAE04EC0-301F-11D3-BF4B-00C04F79EFBC}") = "AdminService", "AdminService\AdminService.csproj", "{F465746A-A2E0-0013-6EA6-B03BA41B90F2}"
EndProject
Project("{FAE04EC0-301F-11D3-BF4B-00C04F79EFBC}") = "SellerService", "SellerService\SellerService.csproj", "{4AB9D0FE-595A-218A-D2DB-73B964E84E12}"
EndProject
Project("{FAE04EC0-301F-11D3-BF4B-00C04F79EFBC}") = "ShipperService", "ShipperService\ShipperService.csproj", "{A9CA3B77-8C4F-08B4-1E92-FA2601ACD215}"
EndProject
Project("{FAE04EC0-301F-11D3-BF4B-00C04F79EFBC}") = "CartService", "CartService\CartService.csproj", "{1050BFBB-A2CA-4860-A03A-82FE3C06B88B}"
EndProject
Global
	GlobalSection(SolutionConfigurationPlatforms) = preSolution
		Debug|Any CPU = Debug|Any CPU
		Release|Any CPU = Release|Any CPU
	EndGlobalSection
	GlobalSection(ProjectConfigurationPlatforms) = postSolution
		{9765D88F-0651-402E-98EB-AE049CA21122}.Debug|Any CPU.ActiveCfg = Debug|Any CPU
		{9765D88F-0651-402E-98EB-AE049CA21122}.Debug|Any CPU.Build.0 = Debug|Any CPU
		{9765D88F-0651-402E-98EB-AE049CA21122}.Release|Any CPU.ActiveCfg = Release|Any CPU
		{9765D88F-0651-402E-98EB-AE049CA21122}.Release|Any CPU.Build.0 = Release|Any CPU
		{D3EA328E-B54C-4503-9C22-41CA83C09C4D}.Debug|Any CPU.ActiveCfg = Debug|Any CPU
		{D3EA328E-B54C-4503-9C22-41CA83C09C4D}.Debug|Any CPU.Build.0 = Debug|Any CPU
		{D3EA328E-B54C-4503-9C22-41CA83C09C4D}.Release|Any CPU.ActiveCfg = Release|Any CPU
		{D3EA328E-B54C-4503-9C22-41CA83C09C4D}.Release|Any CPU.Build.0 = Release|Any CPU
		{9E274F45-6BFB-4401-82F2-633B9D0C7ED1}.Debug|Any CPU.ActiveCfg = Debug|Any CPU
		{9E274F45-6BFB-4401-82F2-633B9D0C7ED1}.Debug|Any CPU.Build.0 = Debug|Any CPU
		{9E274F45-6BFB-4401-82F2-633B9D0C7ED1}.Release|Any CPU.ActiveCfg = Release|Any CPU
		{9E274F45-6BFB-4401-82F2-633B9D0C7ED1}.Release|Any CPU.Build.0 = Release|Any CPU
		{BE1C8A4D-5334-4438-9D66-26E14EE36B4E}.Debug|Any CPU.ActiveCfg = Debug|Any CPU
		{BE1C8A4D-5334-4438-9D66-26E14EE36B4E}.Debug|Any CPU.Build.0 = Debug|Any CPU
		{BE1C8A4D-5334-4438-9D66-26E14EE36B4E}.Release|Any CPU.ActiveCfg = Release|Any CPU
		{BE1C8A4D-5334-4438-9D66-26E14EE36B4E}.Release|Any CPU.Build.0 = Release|Any CPU
		{F465746A-A2E0-0013-6EA6-B03BA41B90F2}.Debug|Any CPU.ActiveCfg = Debug|Any CPU
		{F465746A-A2E0-0013-6EA6-B03BA41B90F2}.Debug|Any CPU.Build.0 = Debug|Any CPU
		{F465746A-A2E0-0013-6EA6-B03BA41B90F2}.Release|Any CPU.ActiveCfg = Release|Any CPU
		{F465746A-A2E0-0013-6EA6-B03BA41B90F2}.Release|Any CPU.Build.0 = Release|Any CPU
		{4AB9D0FE-595A-218A-D2DB-73B964E84E12}.Debug|Any CPU.ActiveCfg = Debug|Any CPU
		{4AB9D0FE-595A-218A-D2DB-73B964E84E12}.Debug|Any CPU.Build.0 = Debug|Any CPU
		{4AB9D0FE-595A-218A-D2DB-73B964E84E12}.Release|Any CPU.ActiveCfg = Release|Any CPU
		{4AB9D0FE-595A-218A-D2DB-73B964E84E12}.Release|Any CPU.Build.0 = Release|Any CPU
		{A9CA3B77-8C4F-08B4-1E92-FA2601ACD215}.Debug|Any CPU.ActiveCfg = Debug|Any CPU
		{A9CA3B77-8C4F-08B4-1E92-FA2601ACD215}.Debug|Any CPU.Build.0 = Debug|Any CPU
		{A9CA3B77-8C4F-08B4-1E92-FA2601ACD215}.Release|Any CPU.ActiveCfg = Release|Any CPU
		{A9CA3B77-8C4F-08B4-1E92-FA2601ACD215}.Release|Any CPU.Build.0 = Release|Any CPU
		{1050BFBB-A2CA-4860-A03A-82FE3C06B88B}.Debug|Any CPU.ActiveCfg = Debug|Any CPU
		{1050BFBB-A2CA-4860-A03A-82FE3C06B88B}.Debug|Any CPU.Build.0 = Debug|Any CPU
		{1050BFBB-A2CA-4860-A03A-82FE3C06B88B}.Release|Any CPU.ActiveCfg = Release|Any CPU
		{1050BFBB-A2CA-4860-A03A-82FE3C06B88B}.Release|Any CPU.Build.0 = Release|Any CPU
	EndGlobalSection
	GlobalSection(SolutionProperties) = preSolution
		HideSolutionNode = FALSE
	EndGlobalSection
	GlobalSection(ExtensibilityGlobals) = postSolution
		SolutionGuid = {9399885A-F08F-4F5D-AC35-B96A41C254B5}
	EndGlobalSection
EndGlobal
